// !$*UTF8*$!
{
	archiveVersion = 1;
	classes = {
	};
	objectVersion = 56;
	objects = {

/* Begin PBXBuildFile section */
		833A71C32AEFF59D00AE3339 /* GoogleService-Info.plist in Resources */ = {isa = PBXBuildFile; fileRef = 833A71C22AEFF59D00AE3339 /* GoogleService-Info.plist */; };
		833A71C62AEFF70800AE3339 /* FirebaseAnalytics in Frameworks */ = {isa = PBXBuildFile; productRef = 833A71C52AEFF70800AE3339 /* FirebaseAnalytics */; };
		833A71C82AEFF70800AE3339 /* FirebaseAnalyticsOnDeviceConversion in Frameworks */ = {isa = PBXBuildFile; productRef = 833A71C72AEFF70800AE3339 /* FirebaseAnalyticsOnDeviceConversion */; };
		833A71CA2AEFF70800AE3339 /* FirebaseAnalyticsSwift in Frameworks */ = {isa = PBXBuildFile; productRef = 833A71C92AEFF70800AE3339 /* FirebaseAnalyticsSwift */; };
		833A71CC2AEFF70800AE3339 /* FirebaseAnalyticsWithoutAdIdSupport in Frameworks */ = {isa = PBXBuildFile; productRef = 833A71CB2AEFF70800AE3339 /* FirebaseAnalyticsWithoutAdIdSupport */; };
		833A71CE2AEFF70800AE3339 /* FirebaseAppCheck in Frameworks */ = {isa = PBXBuildFile; productRef = 833A71CD2AEFF70800AE3339 /* FirebaseAppCheck */; };
		833A71D02AEFFB1100AE3339 /* LogInViewController.swift in Sources */ = {isa = PBXBuildFile; fileRef = 833A71CF2AEFFB1000AE3339 /* LogInViewController.swift */; };
		833A71D22AEFFD4700AE3339 /* SignUpViewController.swift in Sources */ = {isa = PBXBuildFile; fileRef = 833A71D12AEFFD4700AE3339 /* SignUpViewController.swift */; };
		833A71D62AF024B900AE3339 /* FirebaseAnalytics in Frameworks */ = {isa = PBXBuildFile; productRef = 833A71D52AF024B900AE3339 /* FirebaseAnalytics */; };
		833A71D82AF024B900AE3339 /* FirebaseAnalyticsOnDeviceConversion in Frameworks */ = {isa = PBXBuildFile; productRef = 833A71D72AF024B900AE3339 /* FirebaseAnalyticsOnDeviceConversion */; };
		833A71DA2AF024B900AE3339 /* FirebaseAnalyticsSwift in Frameworks */ = {isa = PBXBuildFile; productRef = 833A71D92AF024B900AE3339 /* FirebaseAnalyticsSwift */; };
		833A71DC2AF024B900AE3339 /* FirebaseAnalyticsWithoutAdIdSupport in Frameworks */ = {isa = PBXBuildFile; productRef = 833A71DB2AF024B900AE3339 /* FirebaseAnalyticsWithoutAdIdSupport */; };
		833A71DE2AF024B900AE3339 /* FirebaseAppCheck in Frameworks */ = {isa = PBXBuildFile; productRef = 833A71DD2AF024B900AE3339 /* FirebaseAppCheck */; };
		833A71E12AF0287700AE3339 /* FirebaseAuth in Frameworks */ = {isa = PBXBuildFile; productRef = 833A71E02AF0287700AE3339 /* FirebaseAuth */; };
		833A71E52AF05A0D00AE3339 /* InicioViewController.swift in Sources */ = {isa = PBXBuildFile; fileRef = 833A71E42AF05A0D00AE3339 /* InicioViewController.swift */; };
		833A71E72AF0626F00AE3339 /* InicioViewController.xib in Resources */ = {isa = PBXBuildFile; fileRef = 833A71E62AF0626F00AE3339 /* InicioViewController.xib */; };
		833A71E92AF0697D00AE3339 /* ConfirmacionViewController.xib in Resources */ = {isa = PBXBuildFile; fileRef = 833A71E82AF0697D00AE3339 /* ConfirmacionViewController.xib */; };
		833A71EC2AF069A500AE3339 /* ConfirmacionViewController.swift in Sources */ = {isa = PBXBuildFile; fileRef = 833A71EB2AF069A500AE3339 /* ConfirmacionViewController.swift */; };
		833A71EE2AF06D7900AE3339 /* LogInViewController.xib in Resources */ = {isa = PBXBuildFile; fileRef = 833A71ED2AF06D7900AE3339 /* LogInViewController.xib */; };
		833A71F02AF06D8F00AE3339 /* SignUpViewController.xib in Resources */ = {isa = PBXBuildFile; fileRef = 833A71EF2AF06D8F00AE3339 /* SignUpViewController.xib */; };
		83A65A9D2ACF2F8500B585A9 /* AppDelegate.swift in Sources */ = {isa = PBXBuildFile; fileRef = 83A65A9C2ACF2F8500B585A9 /* AppDelegate.swift */; };
		83A65A9F2ACF2F8500B585A9 /* SceneDelegate.swift in Sources */ = {isa = PBXBuildFile; fileRef = 83A65A9E2ACF2F8500B585A9 /* SceneDelegate.swift */; };
		83A65AA12ACF2F8500B585A9 /* InitViewController.swift in Sources */ = {isa = PBXBuildFile; fileRef = 83A65AA02ACF2F8500B585A9 /* InitViewController.swift */; };
		83A65AA42ACF2F8500B585A9 /* Main.storyboard in Resources */ = {isa = PBXBuildFile; fileRef = 83A65AA22ACF2F8500B585A9 /* Main.storyboard */; };
		83A65AA62ACF2F8600B585A9 /* Assets.xcassets in Resources */ = {isa = PBXBuildFile; fileRef = 83A65AA52ACF2F8600B585A9 /* Assets.xcassets */; };
		83A65AA92ACF2F8600B585A9 /* LaunchScreen.storyboard in Resources */ = {isa = PBXBuildFile; fileRef = 83A65AA72ACF2F8600B585A9 /* LaunchScreen.storyboard */; };
/* End PBXBuildFile section */

/* Begin PBXFileReference section */
		833A71C22AEFF59D00AE3339 /* GoogleService-Info.plist */ = {isa = PBXFileReference; fileEncoding = 4; lastKnownFileType = text.plist.xml; path = "GoogleService-Info.plist"; sourceTree = "<group>"; };
		833A71CF2AEFFB1000AE3339 /* LogInViewController.swift */ = {isa = PBXFileReference; lastKnownFileType = sourcecode.swift; path = LogInViewController.swift; sourceTree = "<group>"; };
		833A71D12AEFFD4700AE3339 /* SignUpViewController.swift */ = {isa = PBXFileReference; lastKnownFileType = sourcecode.swift; path = SignUpViewController.swift; sourceTree = "<group>"; };
		833A71E42AF05A0D00AE3339 /* InicioViewController.swift */ = {isa = PBXFileReference; lastKnownFileType = sourcecode.swift; path = InicioViewController.swift; sourceTree = "<group>"; };
		833A71E62AF0626F00AE3339 /* InicioViewController.xib */ = {isa = PBXFileReference; lastKnownFileType = file.xib; path = InicioViewController.xib; sourceTree = "<group>"; };
		833A71E82AF0697D00AE3339 /* ConfirmacionViewController.xib */ = {isa = PBXFileReference; lastKnownFileType = file.xib; path = ConfirmacionViewController.xib; sourceTree = "<group>"; };
		833A71EB2AF069A500AE3339 /* ConfirmacionViewController.swift */ = {isa = PBXFileReference; lastKnownFileType = sourcecode.swift; path = ConfirmacionViewController.swift; sourceTree = "<group>"; };
		833A71ED2AF06D7900AE3339 /* LogInViewController.xib */ = {isa = PBXFileReference; lastKnownFileType = file.xib; path = LogInViewController.xib; sourceTree = "<group>"; };
		833A71EF2AF06D8F00AE3339 /* SignUpViewController.xib */ = {isa = PBXFileReference; lastKnownFileType = file.xib; path = SignUpViewController.xib; sourceTree = "<group>"; };
		83A65A992ACF2F8500B585A9 /* reto.app */ = {isa = PBXFileReference; explicitFileType = wrapper.application; includeInIndex = 0; path = reto.app; sourceTree = BUILT_PRODUCTS_DIR; };
		83A65A9C2ACF2F8500B585A9 /* AppDelegate.swift */ = {isa = PBXFileReference; lastKnownFileType = sourcecode.swift; path = AppDelegate.swift; sourceTree = "<group>"; };
		83A65A9E2ACF2F8500B585A9 /* SceneDelegate.swift */ = {isa = PBXFileReference; lastKnownFileType = sourcecode.swift; path = SceneDelegate.swift; sourceTree = "<group>"; };
		83A65AA02ACF2F8500B585A9 /* InitViewController.swift */ = {isa = PBXFileReference; lastKnownFileType = sourcecode.swift; path = InitViewController.swift; sourceTree = "<group>"; };
		83A65AA32ACF2F8500B585A9 /* Base */ = {isa = PBXFileReference; lastKnownFileType = file.storyboard; name = Base; path = Base.lproj/Main.storyboard; sourceTree = "<group>"; };
		83A65AA52ACF2F8600B585A9 /* Assets.xcassets */ = {isa = PBXFileReference; lastKnownFileType = folder.assetcatalog; path = Assets.xcassets; sourceTree = "<group>"; };
		83A65AA82ACF2F8600B585A9 /* Base */ = {isa = PBXFileReference; lastKnownFileType = file.storyboard; name = Base; path = Base.lproj/LaunchScreen.storyboard; sourceTree = "<group>"; };
		83A65AAA2ACF2F8600B585A9 /* Info.plist */ = {isa = PBXFileReference; lastKnownFileType = text.plist.xml; path = Info.plist; sourceTree = "<group>"; };
/* End PBXFileReference section */

/* Begin PBXFrameworksBuildPhase section */
		83A65A962ACF2F8500B585A9 /* Frameworks */ = {
			isa = PBXFrameworksBuildPhase;
			buildActionMask = 2147483647;
			files = (
				833A71CA2AEFF70800AE3339 /* FirebaseAnalyticsSwift in Frameworks */,
				833A71C62AEFF70800AE3339 /* FirebaseAnalytics in Frameworks */,
				833A71D62AF024B900AE3339 /* FirebaseAnalytics in Frameworks */,
				833A71D82AF024B900AE3339 /* FirebaseAnalyticsOnDeviceConversion in Frameworks */,
				833A71DA2AF024B900AE3339 /* FirebaseAnalyticsSwift in Frameworks */,
				833A71C82AEFF70800AE3339 /* FirebaseAnalyticsOnDeviceConversion in Frameworks */,
				833A71CE2AEFF70800AE3339 /* FirebaseAppCheck in Frameworks */,
				833A71E12AF0287700AE3339 /* FirebaseAuth in Frameworks */,
				833A71DC2AF024B900AE3339 /* FirebaseAnalyticsWithoutAdIdSupport in Frameworks */,
				833A71DE2AF024B900AE3339 /* FirebaseAppCheck in Frameworks */,
				833A71CC2AEFF70800AE3339 /* FirebaseAnalyticsWithoutAdIdSupport in Frameworks */,
			);
			runOnlyForDeploymentPostprocessing = 0;
		};
/* End PBXFrameworksBuildPhase section */

/* Begin PBXGroup section */
		833A71DF2AF0287700AE3339 /* Frameworks */ = {
			isa = PBXGroup;
			children = (
			);
			name = Frameworks;
			sourceTree = "<group>";
		};
		83A65A902ACF2F8500B585A9 = {
			isa = PBXGroup;
			children = (
				83A65A9B2ACF2F8500B585A9 /* reto */,
				83A65A9A2ACF2F8500B585A9 /* Products */,
				833A71DF2AF0287700AE3339 /* Frameworks */,
			);
			sourceTree = "<group>";
		};
		83A65A9A2ACF2F8500B585A9 /* Products */ = {
			isa = PBXGroup;
			children = (
				83A65A992ACF2F8500B585A9 /* reto.app */,
			);
			name = Products;
			sourceTree = "<group>";
		};
		83A65A9B2ACF2F8500B585A9 /* reto */ = {
			isa = PBXGroup;
			children = (
				83A65A9C2ACF2F8500B585A9 /* AppDelegate.swift */,
				83A65A9E2ACF2F8500B585A9 /* SceneDelegate.swift */,
				83A65AA02ACF2F8500B585A9 /* InitViewController.swift */,
				833A71E42AF05A0D00AE3339 /* InicioViewController.swift */,
				833A71D12AEFFD4700AE3339 /* SignUpViewController.swift */,
				833A71CF2AEFFB1000AE3339 /* LogInViewController.swift */,
				833A71EB2AF069A500AE3339 /* ConfirmacionViewController.swift */,
				83A65AA72ACF2F8600B585A9 /* LaunchScreen.storyboard */,
				83A65AA22ACF2F8500B585A9 /* Main.storyboard */,
				833A71E62AF0626F00AE3339 /* InicioViewController.xib */,
				833A71E82AF0697D00AE3339 /* ConfirmacionViewController.xib */,
				833A71ED2AF06D7900AE3339 /* LogInViewController.xib */,
				833A71EF2AF06D8F00AE3339 /* SignUpViewController.xib */,
				83A65AA52ACF2F8600B585A9 /* Assets.xcassets */,
				83A65AAA2ACF2F8600B585A9 /* Info.plist */,
				833A71C22AEFF59D00AE3339 /* GoogleService-Info.plist */,
			);
			path = reto;
			sourceTree = "<group>";
		};
/* End PBXGroup section */

/* Begin PBXNativeTarget section */
		83A65A982ACF2F8500B585A9 /* reto */ = {
			isa = PBXNativeTarget;
			buildConfigurationList = 83A65AAD2ACF2F8600B585A9 /* Build configuration list for PBXNativeTarget "reto" */;
			buildPhases = (
				83A65A952ACF2F8500B585A9 /* Sources */,
				83A65A962ACF2F8500B585A9 /* Frameworks */,
				83A65A972ACF2F8500B585A9 /* Resources */,
			);
			buildRules = (
			);
			dependencies = (
			);
			name = reto;
			packageProductDependencies = (
				833A71C52AEFF70800AE3339 /* FirebaseAnalytics */,
				833A71C72AEFF70800AE3339 /* FirebaseAnalyticsOnDeviceConversion */,
				833A71C92AEFF70800AE3339 /* FirebaseAnalyticsSwift */,
				833A71CB2AEFF70800AE3339 /* FirebaseAnalyticsWithoutAdIdSupport */,
				833A71CD2AEFF70800AE3339 /* FirebaseAppCheck */,
				833A71D52AF024B900AE3339 /* FirebaseAnalytics */,
				833A71D72AF024B900AE3339 /* FirebaseAnalyticsOnDeviceConversion */,
				833A71D92AF024B900AE3339 /* FirebaseAnalyticsSwift */,
				833A71DB2AF024B900AE3339 /* FirebaseAnalyticsWithoutAdIdSupport */,
				833A71DD2AF024B900AE3339 /* FirebaseAppCheck */,
				833A71E02AF0287700AE3339 /* FirebaseAuth */,
			);
			productName = reto;
			productReference = 83A65A992ACF2F8500B585A9 /* reto.app */;
			productType = "com.apple.product-type.application";
		};
/* End PBXNativeTarget section */

/* Begin PBXProject section */
		83A65A912ACF2F8500B585A9 /* Project object */ = {
			isa = PBXProject;
			attributes = {
				BuildIndependentTargetsInParallel = 1;
				LastSwiftUpdateCheck = 1500;
				LastUpgradeCheck = 1500;
				TargetAttributes = {
					83A65A982ACF2F8500B585A9 = {
						CreatedOnToolsVersion = 15.0;
					};
				};
			};
			buildConfigurationList = 83A65A942ACF2F8500B585A9 /* Build configuration list for PBXProject "reto" */;
			compatibilityVersion = "Xcode 14.0";
			developmentRegion = en;
			hasScannedForEncodings = 0;
			knownRegions = (
				en,
				Base,
			);
			mainGroup = 83A65A902ACF2F8500B585A9;
			packageReferences = (
				833A71C42AEFF70800AE3339 /* XCRemoteSwiftPackageReference "firebase-ios-sdk" */,
			);
			productRefGroup = 83A65A9A2ACF2F8500B585A9 /* Products */;
			projectDirPath = "";
			projectRoot = "";
			targets = (
				83A65A982ACF2F8500B585A9 /* reto */,
			);
		};
/* End PBXProject section */

/* Begin PBXResourcesBuildPhase section */
		83A65A972ACF2F8500B585A9 /* Resources */ = {
			isa = PBXResourcesBuildPhase;
			buildActionMask = 2147483647;
			files = (
				83A65AA92ACF2F8600B585A9 /* LaunchScreen.storyboard in Resources */,
				833A71C32AEFF59D00AE3339 /* GoogleService-Info.plist in Resources */,
				833A71E92AF0697D00AE3339 /* ConfirmacionViewController.xib in Resources */,
				83A65AA62ACF2F8600B585A9 /* Assets.xcassets in Resources */,
				83A65AA42ACF2F8500B585A9 /* Main.storyboard in Resources */,
				833A71E72AF0626F00AE3339 /* InicioViewController.xib in Resources */,
				833A71F02AF06D8F00AE3339 /* SignUpViewController.xib in Resources */,
				833A71EE2AF06D7900AE3339 /* LogInViewController.xib in Resources */,
			);
			runOnlyForDeploymentPostprocessing = 0;
		};
/* End PBXResourcesBuildPhase section */

/* Begin PBXSourcesBuildPhase section */
		83A65A952ACF2F8500B585A9 /* Sources */ = {
			isa = PBXSourcesBuildPhase;
			buildActionMask = 2147483647;
			files = (
				833A71D22AEFFD4700AE3339 /* SignUpViewController.swift in Sources */,
				833A71E52AF05A0D00AE3339 /* InicioViewController.swift in Sources */,
				833A71EC2AF069A500AE3339 /* ConfirmacionViewController.swift in Sources */,
				833A71D02AEFFB1100AE3339 /* LogInViewController.swift in Sources */,
				83A65AA12ACF2F8500B585A9 /* InitViewController.swift in Sources */,
				83A65A9D2ACF2F8500B585A9 /* AppDelegate.swift in Sources */,
				83A65A9F2ACF2F8500B585A9 /* SceneDelegate.swift in Sources */,
			);
			runOnlyForDeploymentPostprocessing = 0;
		};
/* End PBXSourcesBuildPhase section */

/* Begin PBXVariantGroup section */
		83A65AA22ACF2F8500B585A9 /* Main.storyboard */ = {
			isa = PBXVariantGroup;
			children = (
				83A65AA32ACF2F8500B585A9 /* Base */,
			);
			name = Main.storyboard;
			sourceTree = "<group>";
		};
		83A65AA72ACF2F8600B585A9 /* LaunchScreen.storyboard */ = {
			isa = PBXVariantGroup;
			children = (
				83A65AA82ACF2F8600B585A9 /* Base */,
			);
			name = LaunchScreen.storyboard;
			sourceTree = "<group>";
		};
/* End PBXVariantGroup section */

/* Begin XCBuildConfiguration section */
		83A65AAB2ACF2F8600B585A9 /* Debug */ = {
			isa = XCBuildConfiguration;
			buildSettings = {
				ALWAYS_SEARCH_USER_PATHS = NO;
				ASSETCATALOG_COMPILER_GENERATE_SWIFT_ASSET_SYMBOL_EXTENSIONS = YES;
				CLANG_ANALYZER_NONNULL = YES;
				CLANG_ANALYZER_NUMBER_OBJECT_CONVERSION = YES_AGGRESSIVE;
				CLANG_CXX_LANGUAGE_STANDARD = "gnu++20";
				CLANG_ENABLE_MODULES = YES;
				CLANG_ENABLE_OBJC_ARC = YES;
				CLANG_ENABLE_OBJC_WEAK = YES;
				CLANG_WARN_BLOCK_CAPTURE_AUTORELEASING = YES;
				CLANG_WARN_BOOL_CONVERSION = YES;
				CLANG_WARN_COMMA = YES;
				CLANG_WARN_CONSTANT_CONVERSION = YES;
				CLANG_WARN_DEPRECATED_OBJC_IMPLEMENTATIONS = YES;
				CLANG_WARN_DIRECT_OBJC_ISA_USAGE = YES_ERROR;
				CLANG_WARN_DOCUMENTATION_COMMENTS = YES;
				CLANG_WARN_EMPTY_BODY = YES;
				CLANG_WARN_ENUM_CONVERSION = YES;
				CLANG_WARN_INFINITE_RECURSION = YES;
				CLANG_WARN_INT_CONVERSION = YES;
				CLANG_WARN_NON_LITERAL_NULL_CONVERSION = YES;
				CLANG_WARN_OBJC_IMPLICIT_RETAIN_SELF = YES;
				CLANG_WARN_OBJC_LITERAL_CONVERSION = YES;
				CLANG_WARN_OBJC_ROOT_CLASS = YES_ERROR;
				CLANG_WARN_QUOTED_INCLUDE_IN_FRAMEWORK_HEADER = YES;
				CLANG_WARN_RANGE_LOOP_ANALYSIS = YES;
				CLANG_WARN_STRICT_PROTOTYPES = YES;
				CLANG_WARN_SUSPICIOUS_MOVE = YES;
				CLANG_WARN_UNGUARDED_AVAILABILITY = YES_AGGRESSIVE;
				CLANG_WARN_UNREACHABLE_CODE = YES;
				CLANG_WARN__DUPLICATE_METHOD_MATCH = YES;
				COPY_PHASE_STRIP = NO;
				DEBUG_INFORMATION_FORMAT = dwarf;
				ENABLE_STRICT_OBJC_MSGSEND = YES;
				ENABLE_TESTABILITY = YES;
				ENABLE_USER_SCRIPT_SANDBOXING = YES;
				GCC_C_LANGUAGE_STANDARD = gnu17;
				GCC_DYNAMIC_NO_PIC = NO;
				GCC_NO_COMMON_BLOCKS = YES;
				GCC_OPTIMIZATION_LEVEL = 0;
				GCC_PREPROCESSOR_DEFINITIONS = (
					"DEBUG=1",
					"$(inherited)",
				);
				GCC_WARN_64_TO_32_BIT_CONVERSION = YES;
				GCC_WARN_ABOUT_RETURN_TYPE = YES_ERROR;
				GCC_WARN_UNDECLARED_SELECTOR = YES;
				GCC_WARN_UNINITIALIZED_AUTOS = YES_AGGRESSIVE;
				GCC_WARN_UNUSED_FUNCTION = YES;
				GCC_WARN_UNUSED_VARIABLE = YES;
				IPHONEOS_DEPLOYMENT_TARGET = 17.0;
				LOCALIZATION_PREFERS_STRING_CATALOGS = YES;
				MTL_ENABLE_DEBUG_INFO = INCLUDE_SOURCE;
				MTL_FAST_MATH = YES;
				ONLY_ACTIVE_ARCH = YES;
				SDKROOT = iphoneos;
				SWIFT_ACTIVE_COMPILATION_CONDITIONS = "DEBUG $(inherited)";
				SWIFT_OPTIMIZATION_LEVEL = "-Onone";
			};
			name = Debug;
		};
		83A65AAC2ACF2F8600B585A9 /* Release */ = {
			isa = XCBuildConfiguration;
			buildSettings = {
				ALWAYS_SEARCH_USER_PATHS = NO;
				ASSETCATALOG_COMPILER_GENERATE_SWIFT_ASSET_SYMBOL_EXTENSIONS = YES;
				CLANG_ANALYZER_NONNULL = YES;
				CLANG_ANALYZER_NUMBER_OBJECT_CONVERSION = YES_AGGRESSIVE;
				CLANG_CXX_LANGUAGE_STANDARD = "gnu++20";
				CLANG_ENABLE_MODULES = YES;
				CLANG_ENABLE_OBJC_ARC = YES;
				CLANG_ENABLE_OBJC_WEAK = YES;
				CLANG_WARN_BLOCK_CAPTURE_AUTORELEASING = YES;
				CLANG_WARN_BOOL_CONVERSION = YES;
				CLANG_WARN_COMMA = YES;
				CLANG_WARN_CONSTANT_CONVERSION = YES;
				CLANG_WARN_DEPRECATED_OBJC_IMPLEMENTATIONS = YES;
				CLANG_WARN_DIRECT_OBJC_ISA_USAGE = YES_ERROR;
				CLANG_WARN_DOCUMENTATION_COMMENTS = YES;
				CLANG_WARN_EMPTY_BODY = YES;
				CLANG_WARN_ENUM_CONVERSION = YES;
				CLANG_WARN_INFINITE_RECURSION = YES;
				CLANG_WARN_INT_CONVERSION = YES;
				CLANG_WARN_NON_LITERAL_NULL_CONVERSION = YES;
				CLANG_WARN_OBJC_IMPLICIT_RETAIN_SELF = YES;
				CLANG_WARN_OBJC_LITERAL_CONVERSION = YES;
				CLANG_WARN_OBJC_ROOT_CLASS = YES_ERROR;
				CLANG_WARN_QUOTED_INCLUDE_IN_FRAMEWORK_HEADER = YES;
				CLANG_WARN_RANGE_LOOP_ANALYSIS = YES;
				CLANG_WARN_STRICT_PROTOTYPES = YES;
				CLANG_WARN_SUSPICIOUS_MOVE = YES;
				CLANG_WARN_UNGUARDED_AVAILABILITY = YES_AGGRESSIVE;
				CLANG_WARN_UNREACHABLE_CODE = YES;
				CLANG_WARN__DUPLICATE_METHOD_MATCH = YES;
				COPY_PHASE_STRIP = NO;
				DEBUG_INFORMATION_FORMAT = "dwarf-with-dsym";
				ENABLE_NS_ASSERTIONS = NO;
				ENABLE_STRICT_OBJC_MSGSEND = YES;
				ENABLE_USER_SCRIPT_SANDBOXING = YES;
				GCC_C_LANGUAGE_STANDARD = gnu17;
				GCC_NO_COMMON_BLOCKS = YES;
				GCC_WARN_64_TO_32_BIT_CONVERSION = YES;
				GCC_WARN_ABOUT_RETURN_TYPE = YES_ERROR;
				GCC_WARN_UNDECLARED_SELECTOR = YES;
				GCC_WARN_UNINITIALIZED_AUTOS = YES_AGGRESSIVE;
				GCC_WARN_UNUSED_FUNCTION = YES;
				GCC_WARN_UNUSED_VARIABLE = YES;
				IPHONEOS_DEPLOYMENT_TARGET = 17.0;
				LOCALIZATION_PREFERS_STRING_CATALOGS = YES;
				MTL_ENABLE_DEBUG_INFO = NO;
				MTL_FAST_MATH = YES;
				SDKROOT = iphoneos;
				SWIFT_COMPILATION_MODE = wholemodule;
				VALIDATE_PRODUCT = YES;
			};
			name = Release;
		};
		83A65AAE2ACF2F8600B585A9 /* Debug */ = {
			isa = XCBuildConfiguration;
			buildSettings = {
				ASSETCATALOG_COMPILER_APPICON_NAME = AppIcon;
				ASSETCATALOG_COMPILER_GLOBAL_ACCENT_COLOR_NAME = AccentColor;
				CODE_SIGN_STYLE = Automatic;
				CURRENT_PROJECT_VERSION = 1;
				GENERATE_INFOPLIST_FILE = YES;
				INFOPLIST_FILE = reto/Info.plist;
				INFOPLIST_KEY_CFBundleDisplayName = "Administrador Cruz Roja";
				INFOPLIST_KEY_UIApplicationSupportsIndirectInputEvents = YES;
				INFOPLIST_KEY_UILaunchStoryboardName = LaunchScreen;
				INFOPLIST_KEY_UIMainStoryboardFile = Main;
				INFOPLIST_KEY_UISupportedInterfaceOrientations_iPad = "UIInterfaceOrientationPortrait UIInterfaceOrientationPortraitUpsideDown UIInterfaceOrientationLandscapeLeft UIInterfaceOrientationLandscapeRight";
				INFOPLIST_KEY_UISupportedInterfaceOrientations_iPhone = "UIInterfaceOrientationPortrait UIInterfaceOrientationLandscapeLeft UIInterfaceOrientationLandscapeRight";
				LD_RUNPATH_SEARCH_PATHS = (
					"$(inherited)",
					"@executable_path/Frameworks",
				);
				MARKETING_VERSION = 1.0;
				PRODUCT_BUNDLE_IDENTIFIER = mx.tec.a01735819.reto;
				PRODUCT_NAME = "$(TARGET_NAME)";
				SWIFT_EMIT_LOC_STRINGS = YES;
				SWIFT_VERSION = 5.0;
				TARGETED_DEVICE_FAMILY = "1,2";
			};
			name = Debug;
		};
		83A65AAF2ACF2F8600B585A9 /* Release */ = {
			isa = XCBuildConfiguration;
			buildSettings = {
				ASSETCATALOG_COMPILER_APPICON_NAME = AppIcon;
				ASSETCATALOG_COMPILER_GLOBAL_ACCENT_COLOR_NAME = AccentColor;
				CODE_SIGN_STYLE = Automatic;
				CURRENT_PROJECT_VERSION = 1;
				GENERATE_INFOPLIST_FILE = YES;
				INFOPLIST_FILE = reto/Info.plist;
				INFOPLIST_KEY_CFBundleDisplayName = "Administrador Cruz Roja";
				INFOPLIST_KEY_UIApplicationSupportsIndirectInputEvents = YES;
				INFOPLIST_KEY_UILaunchStoryboardName = LaunchScreen;
				INFOPLIST_KEY_UIMainStoryboardFile = Main;
				INFOPLIST_KEY_UISupportedInterfaceOrientations_iPad = "UIInterfaceOrientationPortrait UIInterfaceOrientationPortraitUpsideDown UIInterfaceOrientationLandscapeLeft UIInterfaceOrientationLandscapeRight";
				INFOPLIST_KEY_UISupportedInterfaceOrientations_iPhone = "UIInterfaceOrientationPortrait UIInterfaceOrientationLandscapeLeft UIInterfaceOrientationLandscapeRight";
				LD_RUNPATH_SEARCH_PATHS = (
					"$(inherited)",
					"@executable_path/Frameworks",
				);
				MARKETING_VERSION = 1.0;
				PRODUCT_BUNDLE_IDENTIFIER = mx.tec.a01735819.reto;
				PRODUCT_NAME = "$(TARGET_NAME)";
				SWIFT_EMIT_LOC_STRINGS = YES;
				SWIFT_VERSION = 5.0;
				TARGETED_DEVICE_FAMILY = "1,2";
			};
			name = Release;
		};
/* End XCBuildConfiguration section */

/* Begin XCConfigurationList section */
		83A65A942ACF2F8500B585A9 /* Build configuration list for PBXProject "reto" */ = {
			isa = XCConfigurationList;
			buildConfigurations = (
				83A65AAB2ACF2F8600B585A9 /* Debug */,
				83A65AAC2ACF2F8600B585A9 /* Release */,
			);
			defaultConfigurationIsVisible = 0;
			defaultConfigurationName = Release;
		};
		83A65AAD2ACF2F8600B585A9 /* Build configuration list for PBXNativeTarget "reto" */ = {
			isa = XCConfigurationList;
			buildConfigurations = (
				83A65AAE2ACF2F8600B585A9 /* Debug */,
				83A65AAF2ACF2F8600B585A9 /* Release */,
			);
			defaultConfigurationIsVisible = 0;
			defaultConfigurationName = Release;
		};
/* End XCConfigurationList section */

/* Begin XCRemoteSwiftPackageReference section */
		833A71C42AEFF70800AE3339 /* XCRemoteSwiftPackageReference "firebase-ios-sdk" */ = {
			isa = XCRemoteSwiftPackageReference;
			repositoryURL = "https://github.com/firebase/firebase-ios-sdk";
			requirement = {
				kind = upToNextMajorVersion;
				minimumVersion = 10.16.0;
			};
		};
/* End XCRemoteSwiftPackageReference section */

/* Begin XCSwiftPackageProductDependency section */
		833A71C52AEFF70800AE3339 /* FirebaseAnalytics */ = {
			isa = XCSwiftPackageProductDependency;
			package = 833A71C42AEFF70800AE3339 /* XCRemoteSwiftPackageReference "firebase-ios-sdk" */;
			productName = FirebaseAnalytics;
		};
		833A71C72AEFF70800AE3339 /* FirebaseAnalyticsOnDeviceConversion */ = {
			isa = XCSwiftPackageProductDependency;
			package = 833A71C42AEFF70800AE3339 /* XCRemoteSwiftPackageReference "firebase-ios-sdk" */;
			productName = FirebaseAnalyticsOnDeviceConversion;
		};
		833A71C92AEFF70800AE3339 /* FirebaseAnalyticsSwift */ = {
			isa = XCSwiftPackageProductDependency;
			package = 833A71C42AEFF70800AE3339 /* XCRemoteSwiftPackageReference "firebase-ios-sdk" */;
			productName = FirebaseAnalyticsSwift;
		};
		833A71CB2AEFF70800AE3339 /* FirebaseAnalyticsWithoutAdIdSupport */ = {
			isa = XCSwiftPackageProductDependency;
			package = 833A71C42AEFF70800AE3339 /* XCRemoteSwiftPackageReference "firebase-ios-sdk" */;
			productName = FirebaseAnalyticsWithoutAdIdSupport;
		};
		833A71CD2AEFF70800AE3339 /* FirebaseAppCheck */ = {
			isa = XCSwiftPackageProductDependency;
			package = 833A71C42AEFF70800AE3339 /* XCRemoteSwiftPackageReference "firebase-ios-sdk" */;
			productName = FirebaseAppCheck;
		};
		833A71D52AF024B900AE3339 /* FirebaseAnalytics */ = {
			isa = XCSwiftPackageProductDependency;
			package = 833A71C42AEFF70800AE3339 /* XCRemoteSwiftPackageReference "firebase-ios-sdk" */;
			productName = FirebaseAnalytics;
		};
		833A71D72AF024B900AE3339 /* FirebaseAnalyticsOnDeviceConversion */ = {
			isa = XCSwiftPackageProductDependency;
			package = 833A71C42AEFF70800AE3339 /* XCRemoteSwiftPackageReference "firebase-ios-sdk" */;
			productName = FirebaseAnalyticsOnDeviceConversion;
		};
		833A71D92AF024B900AE3339 /* FirebaseAnalyticsSwift */ = {
			isa = XCSwiftPackageProductDependency;
			package = 833A71C42AEFF70800AE3339 /* XCRemoteSwiftPackageReference "firebase-ios-sdk" */;
			productName = FirebaseAnalyticsSwift;
		};
		833A71DB2AF024B900AE3339 /* FirebaseAnalyticsWithoutAdIdSupport */ = {
			isa = XCSwiftPackageProductDependency;
			package = 833A71C42AEFF70800AE3339 /* XCRemoteSwiftPackageReference "firebase-ios-sdk" */;
			productName = FirebaseAnalyticsWithoutAdIdSupport;
		};
		833A71DD2AF024B900AE3339 /* FirebaseAppCheck */ = {
			isa = XCSwiftPackageProductDependency;
			package = 833A71C42AEFF70800AE3339 /* XCRemoteSwiftPackageReference "firebase-ios-sdk" */;
			productName = FirebaseAppCheck;
		};
		833A71E02AF0287700AE3339 /* FirebaseAuth */ = {
			isa = XCSwiftPackageProductDependency;
			package = 833A71C42AEFF70800AE3339 /* XCRemoteSwiftPackageReference "firebase-ios-sdk" */;
			productName = FirebaseAuth;
		};
/* End XCSwiftPackageProductDependency section */
	};
	rootObject = 83A65A912ACF2F8500B585A9 /* Project object */;
}
